{
  "requires": true,
  "lockfileVersion": 1,
  "dependencies": {
    "@babel/parser": {
      "version": "7.1.2",
      "resolved": "https://registry.npmjs.org/@babel/parser/-/parser-7.1.2.tgz",
      "integrity": "sha512-x5HFsW+E/nQalGMw7hu+fvPqnBeBaIr0lWJ2SG0PPL2j+Pm9lYvCrsZJGIgauPIENx0v10INIyFjmSNUD/gSqQ==",
      "dev": true
    }
  }
}
